
Microsoft Visual Studio Solution File, Format Version 12.00
# Visual Studio Version 17
VisualStudioVersion = 17.10.35013.160
MinimumVisualStudioVersion = 10.0.40219.1
Project("{FAE04EC0-301F-11D3-BF4B-00C04F79EFBC}") = "MAXApp1", "MAXApp1\MAXApp1.csproj", "{D02CBCF2-1C24-4F68-8E51-89B84FB8F8FF}"
EndProject
Global
	GlobalSection(SolutionConfigurationPlatforms) = preSolution
		Debug|Any CPU = Debug|Any CPU
		Release|Any CPU = Release|Any CPU
	EndGlobalSection
	GlobalSection(ProjectConfigurationPlatforms) = postSolution
		{D02CBCF2-1C24-4F68-8E51-89B84FB8F8FF}.Debug|Any CPU.ActiveCfg = Debug|Any CPU
		{D02CBCF2-1C24-4F68-8E51-89B84FB8F8FF}.Debug|Any CPU.Build.0 = Debug|Any CPU
		{D02CBCF2-1C24-4F68-8E51-89B84FB8F8FF}.Release|Any CPU.ActiveCfg = Release|Any CPU
		{D02CBCF2-1C24-4F68-8E51-89B84FB8F8FF}.Release|Any CPU.Build.0 = Release|Any CPU
	EndGlobalSection
	GlobalSection(SolutionProperties) = preSolution
		HideSolutionNode = FALSE
	EndGlobalSection
	GlobalSection(ExtensibilityGlobals) = postSolution
		SolutionGuid = {F633EBF4-236C-4CCA-95A5-B43BAE93DF83}
	EndGlobalSection
EndGlobal
